// !$*UTF8*$!
{
	archiveVersion = 1;
	classes = {
	};
	objectVersion = 50;
	objects = {

/* Begin PBXBuildFile section */
		EF854351247BB02400EAADA9 /* AppDelegate.swift in Sources */ = {isa = PBXBuildFile; fileRef = EF854350247BB02400EAADA9 /* AppDelegate.swift */; };
		EF854353247BB02400EAADA9 /* SceneDelegate.swift in Sources */ = {isa = PBXBuildFile; fileRef = EF854352247BB02400EAADA9 /* SceneDelegate.swift */; };
		EF854355247BB02400EAADA9 /* ViewController.swift in Sources */ = {isa = PBXBuildFile; fileRef = EF854354247BB02400EAADA9 /* ViewController.swift */; };
		EF854358247BB02400EAADA9 /* Main.storyboard in Resources */ = {isa = PBXBuildFile; fileRef = EF854356247BB02400EAADA9 /* Main.storyboard */; };
		EF85435A247BB02400EAADA9 /* Assets.xcassets in Resources */ = {isa = PBXBuildFile; fileRef = EF854359247BB02400EAADA9 /* Assets.xcassets */; };
		EF85435D247BB02400EAADA9 /* LaunchScreen.storyboard in Resources */ = {isa = PBXBuildFile; fileRef = EF85435B247BB02400EAADA9 /* LaunchScreen.storyboard */; };
		EF854366247BB92D00EAADA9 /* Genres.swift in Sources */ = {isa = PBXBuildFile; fileRef = EF854365247BB92D00EAADA9 /* Genres.swift */; };
		EF862A19247FC47000BF6AD7 /* GenreCollectionCell.swift in Sources */ = {isa = PBXBuildFile; fileRef = EF862A18247FC47000BF6AD7 /* GenreCollectionCell.swift */; };
/* End PBXBuildFile section */

/* Begin PBXFileReference section */
		EF85434D247BB02400EAADA9 /* TheBookSummary.app */ = {isa = PBXFileReference; explicitFileType = wrapper.application; includeInIndex = 0; path = TheBookSummary.app; sourceTree = BUILT_PRODUCTS_DIR; };
		EF854350247BB02400EAADA9 /* AppDelegate.swift */ = {isa = PBXFileReference; lastKnownFileType = sourcecode.swift; path = AppDelegate.swift; sourceTree = "<group>"; };
		EF854352247BB02400EAADA9 /* SceneDelegate.swift */ = {isa = PBXFileReference; lastKnownFileType = sourcecode.swift; path = SceneDelegate.swift; sourceTree = "<group>"; };
		EF854354247BB02400EAADA9 /* ViewController.swift */ = {isa = PBXFileReference; lastKnownFileType = sourcecode.swift; path = ViewController.swift; sourceTree = "<group>"; };
		EF854357247BB02400EAADA9 /* Base */ = {isa = PBXFileReference; lastKnownFileType = file.storyboard; name = Base; path = Base.lproj/Main.storyboard; sourceTree = "<group>"; };
		EF854359247BB02400EAADA9 /* Assets.xcassets */ = {isa = PBXFileReference; lastKnownFileType = folder.assetcatalog; path = Assets.xcassets; sourceTree = "<group>"; };
		EF85435C247BB02400EAADA9 /* Base */ = {isa = PBXFileReference; lastKnownFileType = file.storyboard; name = Base; path = Base.lproj/LaunchScreen.storyboard; sourceTree = "<group>"; };
		EF85435E247BB02400EAADA9 /* Info.plist */ = {isa = PBXFileReference; lastKnownFileType = text.plist.xml; path = Info.plist; sourceTree = "<group>"; };
		EF854365247BB92D00EAADA9 /* Genres.swift */ = {isa = PBXFileReference; lastKnownFileType = sourcecode.swift; path = Genres.swift; sourceTree = "<group>"; };
		EF862A18247FC47000BF6AD7 /* GenreCollectionCell.swift */ = {isa = PBXFileReference; lastKnownFileType = sourcecode.swift; path = GenreCollectionCell.swift; sourceTree = "<group>"; };
/* End PBXFileReference section */

/* Begin PBXFrameworksBuildPhase section */
		EF85434A247BB02400EAADA9 /* Frameworks */ = {
			isa = PBXFrameworksBuildPhase;
			buildActionMask = 2147483647;
			files = (
			);
			runOnlyForDeploymentPostprocessing = 0;
		};
/* End PBXFrameworksBuildPhase section */

/* Begin PBXGroup section */
		EF854344247BB02400EAADA9 = {
			isa = PBXGroup;
			children = (
				EF85434F247BB02400EAADA9 /* TheBookSummary */,
				EF85434E247BB02400EAADA9 /* Products */,
			);
			sourceTree = "<group>";
		};
		EF85434E247BB02400EAADA9 /* Products */ = {
			isa = PBXGroup;
			children = (
				EF85434D247BB02400EAADA9 /* TheBookSummary.app */,
			);
			name = Products;
			sourceTree = "<group>";
		};
		EF85434F247BB02400EAADA9 /* TheBookSummary */ = {
			isa = PBXGroup;
			children = (
				EF862A15247FC42000BF6AD7 /* CustomCells */,
				EF854367247BBD4B00EAADA9 /* StoryBoards */,
				EF854364247BB8F200EAADA9 /* Model */,
				EF854350247BB02400EAADA9 /* AppDelegate.swift */,
				EF854352247BB02400EAADA9 /* SceneDelegate.swift */,
				EF854354247BB02400EAADA9 /* ViewController.swift */,
				EF854359247BB02400EAADA9 /* Assets.xcassets */,
				EF85435E247BB02400EAADA9 /* Info.plist */,
			);
			path = TheBookSummary;
			sourceTree = "<group>";
		};
		EF854364247BB8F200EAADA9 /* Model */ = {
			isa = PBXGroup;
			children = (
				EF854365247BB92D00EAADA9 /* Genres.swift */,
			);
			path = Model;
			sourceTree = "<group>";
		};
		EF854367247BBD4B00EAADA9 /* StoryBoards */ = {
			isa = PBXGroup;
			children = (
				EF854356247BB02400EAADA9 /* Main.storyboard */,
				EF85435B247BB02400EAADA9 /* LaunchScreen.storyboard */,
			);
			path = StoryBoards;
			sourceTree = "<group>";
		};
		EF862A15247FC42000BF6AD7 /* CustomCells */ = {
			isa = PBXGroup;
			children = (
				EF862A18247FC47000BF6AD7 /* GenreCollectionCell.swift */,
			);
			path = CustomCells;
			sourceTree = "<group>";
		};
/* End PBXGroup section */

/* Begin PBXNativeTarget section */
		EF85434C247BB02400EAADA9 /* TheBookSummary */ = {
			isa = PBXNativeTarget;
			buildConfigurationList = EF854361247BB02400EAADA9 /* Build configuration list for PBXNativeTarget "TheBookSummary" */;
			buildPhases = (
				EF854349247BB02400EAADA9 /* Sources */,
				EF85434A247BB02400EAADA9 /* Frameworks */,
				EF85434B247BB02400EAADA9 /* Resources */,
			);
			buildRules = (
			);
			dependencies = (
			);
			name = TheBookSummary;
			productName = TheBookSummary;
			productReference = EF85434D247BB02400EAADA9 /* TheBookSummary.app */;
			productType = "com.apple.product-type.application";
		};
/* End PBXNativeTarget section */

/* Begin PBXProject section */
		EF854345247BB02400EAADA9 /* Project object */ = {
			isa = PBXProject;
			attributes = {
				LastSwiftUpdateCheck = 1130;
				LastUpgradeCheck = 1130;
				ORGANIZATIONNAME = Somya;
				TargetAttributes = {
					EF85434C247BB02400EAADA9 = {
						CreatedOnToolsVersion = 11.3;
					};
				};
			};
			buildConfigurationList = EF854348247BB02400EAADA9 /* Build configuration list for PBXProject "TheBookSummary" */;
			compatibilityVersion = "Xcode 9.3";
			developmentRegion = en;
			hasScannedForEncodings = 0;
			knownRegions = (
				en,
				Base,
			);
			mainGroup = EF854344247BB02400EAADA9;
			productRefGroup = EF85434E247BB02400EAADA9 /* Products */;
			projectDirPath = "";
			projectRoot = "";
			targets = (
				EF85434C247BB02400EAADA9 /* TheBookSummary */,
			);
		};
/* End PBXProject section */

/* Begin PBXResourcesBuildPhase section */
		EF85434B247BB02400EAADA9 /* Resources */ = {
			isa = PBXResourcesBuildPhase;
			buildActionMask = 2147483647;
			files = (
				EF85435D247BB02400EAADA9 /* LaunchScreen.storyboard in Resources */,
				EF85435A247BB02400EAADA9 /* Assets.xcassets in Resources */,
				EF854358247BB02400EAADA9 /* Main.storyboard in Resources */,
			);
			runOnlyForDeploymentPostprocessing = 0;
		};
/* End PBXResourcesBuildPhase section */

/* Begin PBXSourcesBuildPhase section */
		EF854349247BB02400EAADA9 /* Sources */ = {
			isa = PBXSourcesBuildPhase;
			buildActionMask = 2147483647;
			files = (
				EF854355247BB02400EAADA9 /* ViewController.swift in Sources */,
				EF862A19247FC47000BF6AD7 /* GenreCollectionCell.swift in Sources */,
				EF854351247BB02400EAADA9 /* AppDelegate.swift in Sources */,
				EF854353247BB02400EAADA9 /* SceneDelegate.swift in Sources */,
				EF854366247BB92D00EAADA9 /* Genres.swift in Sources */,
			);
			runOnlyForDeploymentPostprocessing = 0;
		};
/* End PBXSourcesBuildPhase section */

/* Begin PBXVariantGroup section */
		EF854356247BB02400EAADA9 /* Main.storyboard */ = {
			isa = PBXVariantGroup;
			children = (
				EF854357247BB02400EAADA9 /* Base */,
			);
			name = Main.storyboard;
			sourceTree = "<group>";
		};
		EF85435B247BB02400EAADA9 /* LaunchScreen.storyboard */ = {
			isa = PBXVariantGroup;
			children = (
				EF85435C247BB02400EAADA9 /* Base */,
			);
			name = LaunchScreen.storyboard;
			sourceTree = "<group>";
		};
/* End PBXVariantGroup section */

/* Begin XCBuildConfiguration section */
		EF85435F247BB02400EAADA9 /* Debug */ = {
			isa = XCBuildConfiguration;
			buildSettings = {
				ALWAYS_SEARCH_USER_PATHS = NO;
				CLANG_ANALYZER_NONNULL = YES;
				CLANG_ANALYZER_NUMBER_OBJECT_CONVERSION = YES_AGGRESSIVE;
				CLANG_CXX_LANGUAGE_STANDARD = "gnu++14";
				CLANG_CXX_LIBRARY = "libc++";
				CLANG_ENABLE_MODULES = YES;
				CLANG_ENABLE_OBJC_ARC = YES;
				CLANG_ENABLE_OBJC_WEAK = YES;
				CLANG_WARN_BLOCK_CAPTURE_AUTORELEASING = YES;
				CLANG_WARN_BOOL_CONVERSION = YES;
				CLANG_WARN_COMMA = YES;
				CLANG_WARN_CONSTANT_CONVERSION = YES;
				CLANG_WARN_DEPRECATED_OBJC_IMPLEMENTATIONS = YES;
				CLANG_WARN_DIRECT_OBJC_ISA_USAGE = YES_ERROR;
				CLANG_WARN_DOCUMENTATION_COMMENTS = YES;
				CLANG_WARN_EMPTY_BODY = YES;
				CLANG_WARN_ENUM_CONVERSION = YES;
				CLANG_WARN_INFINITE_RECURSION = YES;
				CLANG_WARN_INT_CONVERSION = YES;
				CLANG_WARN_NON_LITERAL_NULL_CONVERSION = YES;
				CLANG_WARN_OBJC_IMPLICIT_RETAIN_SELF = YES;
				CLANG_WARN_OBJC_LITERAL_CONVERSION = YES;
				CLANG_WARN_OBJC_ROOT_CLASS = YES_ERROR;
				CLANG_WARN_RANGE_LOOP_ANALYSIS = YES;
				CLANG_WARN_STRICT_PROTOTYPES = YES;
				CLANG_WARN_SUSPICIOUS_MOVE = YES;
				CLANG_WARN_UNGUARDED_AVAILABILITY = YES_AGGRESSIVE;
				CLANG_WARN_UNREACHABLE_CODE = YES;
				CLANG_WARN__DUPLICATE_METHOD_MATCH = YES;
				COPY_PHASE_STRIP = NO;
				DEBUG_INFORMATION_FORMAT = dwarf;
				ENABLE_STRICT_OBJC_MSGSEND = YES;
				ENABLE_TESTABILITY = YES;
				GCC_C_LANGUAGE_STANDARD = gnu11;
				GCC_DYNAMIC_NO_PIC = NO;
				GCC_NO_COMMON_BLOCKS = YES;
				GCC_OPTIMIZATION_LEVEL = 0;
				GCC_PREPROCESSOR_DEFINITIONS = (
					"DEBUG=1",
					"$(inherited)",
				);
				GCC_WARN_64_TO_32_BIT_CONVERSION = YES;
				GCC_WARN_ABOUT_RETURN_TYPE = YES_ERROR;
				GCC_WARN_UNDECLARED_SELECTOR = YES;
				GCC_WARN_UNINITIALIZED_AUTOS = YES_AGGRESSIVE;
				GCC_WARN_UNUSED_FUNCTION = YES;
				GCC_WARN_UNUSED_VARIABLE = YES;
				IPHONEOS_DEPLOYMENT_TARGET = 13.2;
				MTL_ENABLE_DEBUG_INFO = INCLUDE_SOURCE;
				MTL_FAST_MATH = YES;
				ONLY_ACTIVE_ARCH = YES;
				SDKROOT = iphoneos;
				SWIFT_ACTIVE_COMPILATION_CONDITIONS = DEBUG;
				SWIFT_OPTIMIZATION_LEVEL = "-Onone";
			};
			name = Debug;
		};
		EF854360247BB02400EAADA9 /* Release */ = {
			isa = XCBuildConfiguration;
			buildSettings = {
				ALWAYS_SEARCH_USER_PATHS = NO;
				CLANG_ANALYZER_NONNULL = YES;
				CLANG_ANALYZER_NUMBER_OBJECT_CONVERSION = YES_AGGRESSIVE;
				CLANG_CXX_LANGUAGE_STANDARD = "gnu++14";
				CLANG_CXX_LIBRARY = "libc++";
				CLANG_ENABLE_MODULES = YES;
				CLANG_ENABLE_OBJC_ARC = YES;
				CLANG_ENABLE_OBJC_WEAK = YES;
				CLANG_WARN_BLOCK_CAPTURE_AUTORELEASING = YES;
				CLANG_WARN_BOOL_CONVERSION = YES;
				CLANG_WARN_COMMA = YES;
				CLANG_WARN_CONSTANT_CONVERSION = YES;
				CLANG_WARN_DEPRECATED_OBJC_IMPLEMENTATIONS = YES;
				CLANG_WARN_DIRECT_OBJC_ISA_USAGE = YES_ERROR;
				CLANG_WARN_DOCUMENTATION_COMMENTS = YES;
				CLANG_WARN_EMPTY_BODY = YES;
				CLANG_WARN_ENUM_CONVERSION = YES;
				CLANG_WARN_INFINITE_RECURSION = YES;
				CLANG_WARN_INT_CONVERSION = YES;
				CLANG_WARN_NON_LITERAL_NULL_CONVERSION = YES;
				CLANG_WARN_OBJC_IMPLICIT_RETAIN_SELF = YES;
				CLANG_WARN_OBJC_LITERAL_CONVERSION = YES;
				CLANG_WARN_OBJC_ROOT_CLASS = YES_ERROR;
				CLANG_WARN_RANGE_LOOP_ANALYSIS = YES;
				CLANG_WARN_STRICT_PROTOTYPES = YES;
				CLANG_WARN_SUSPICIOUS_MOVE = YES;
				CLANG_WARN_UNGUARDED_AVAILABILITY = YES_AGGRESSIVE;
				CLANG_WARN_UNREACHABLE_CODE = YES;
				CLANG_WARN__DUPLICATE_METHOD_MATCH = YES;
				COPY_PHASE_STRIP = NO;
				DEBUG_INFORMATION_FORMAT = "dwarf-with-dsym";
				ENABLE_NS_ASSERTIONS = NO;
				ENABLE_STRICT_OBJC_MSGSEND = YES;
				GCC_C_LANGUAGE_STANDARD = gnu11;
				GCC_NO_COMMON_BLOCKS = YES;
				GCC_WARN_64_TO_32_BIT_CONVERSION = YES;
				GCC_WARN_ABOUT_RETURN_TYPE = YES_ERROR;
				GCC_WARN_UNDECLARED_SELECTOR = YES;
				GCC_WARN_UNINITIALIZED_AUTOS = YES_AGGRESSIVE;
				GCC_WARN_UNUSED_FUNCTION = YES;
				GCC_WARN_UNUSED_VARIABLE = YES;
				IPHONEOS_DEPLOYMENT_TARGET = 13.2;
				MTL_ENABLE_DEBUG_INFO = NO;
				MTL_FAST_MATH = YES;
				SDKROOT = iphoneos;
				SWIFT_COMPILATION_MODE = wholemodule;
				SWIFT_OPTIMIZATION_LEVEL = "-O";
				VALIDATE_PRODUCT = YES;
			};
			name = Release;
		};
		EF854362247BB02400EAADA9 /* Debug */ = {
			isa = XCBuildConfiguration;
			buildSettings = {
				ASSETCATALOG_COMPILER_APPICON_NAME = AppIcon;
				CODE_SIGN_STYLE = Automatic;
				INFOPLIST_FILE = TheBookSummary/Info.plist;
				LD_RUNPATH_SEARCH_PATHS = (
					"$(inherited)",
					"@executable_path/Frameworks",
				);
				PRODUCT_BUNDLE_IDENTIFIER = com.example.TheBookSummary;
				PRODUCT_NAME = "$(TARGET_NAME)";
				SWIFT_VERSION = 5.0;
				TARGETED_DEVICE_FAMILY = "1,2";
			};
			name = Debug;
		};
		EF854363247BB02400EAADA9 /* Release */ = {
			isa = XCBuildConfiguration;
			buildSettings = {
				ASSETCATALOG_COMPILER_APPICON_NAME = AppIcon;
				CODE_SIGN_STYLE = Automatic;
				INFOPLIST_FILE = TheBookSummary/Info.plist;
				LD_RUNPATH_SEARCH_PATHS = (
					"$(inherited)",
					"@executable_path/Frameworks",
				);
				PRODUCT_BUNDLE_IDENTIFIER = com.example.TheBookSummary;
				PRODUCT_NAME = "$(TARGET_NAME)";
				SWIFT_VERSION = 5.0;
				TARGETED_DEVICE_FAMILY = "1,2";
			};
			name = Release;
		};
/* End XCBuildConfiguration section */

/* Begin XCConfigurationList section */
		EF854348247BB02400EAADA9 /* Build configuration list for PBXProject "TheBookSummary" */ = {
			isa = XCConfigurationList;
			buildConfigurations = (
				EF85435F247BB02400EAADA9 /* Debug */,
				EF854360247BB02400EAADA9 /* Release */,
			);
			defaultConfigurationIsVisible = 0;
			defaultConfigurationName = Release;
		};
		EF854361247BB02400EAADA9 /* Build configuration list for PBXNativeTarget "TheBookSummary" */ = {
			isa = XCConfigurationList;
			buildConfigurations = (
				EF854362247BB02400EAADA9 /* Debug */,
				EF854363247BB02400EAADA9 /* Release */,
			);
			defaultConfigurationIsVisible = 0;
			defaultConfigurationName = Release;
		};
/* End XCConfigurationList section */
	};
	rootObject = EF854345247BB02400EAADA9 /* Project object */;
}
